
Microsoft Visual Studio Solution File, Format Version 12.00
# Visual Studio 14
VisualStudioVersion = 14.0.24720.0
MinimumVisualStudioVersion = 10.0.40219.1
Project("{8BC9CEB8-8B4A-11D0-8D11-00A0C91BC942}") = "P_Driver", "P_Driver\P_Driver.vcxproj", "{AD55A0E5-BAF0-4189-991A-6E28D3C86D63}"
EndProject
Project("{8BC9CEB8-8B4A-11D0-8D11-00A0C91BC942}") = "DLL", "P_Dll\DLL.vcxproj", "{07CB62ED-9E4D-467C-9157-559AD312E308}"
EndProject
Project("{FAE04EC0-301F-11D3-BF4B-00C04F79EFBC}") = "MemoryExplorer", "P_MemoryExplorer\MemoryExplorer.csproj", "{F499A5A0-D654-46D1-84CC-BA414C81600F}"
EndProject
Global
	GlobalSection(SolutionConfigurationPlatforms) = preSolution
		Debug|Any CPU = Debug|Any CPU
		Debug|x64 = Debug|x64
		Debug|x86 = Debug|x86
		Release|Any CPU = Release|Any CPU
		Release|x64 = Release|x64
		Release|x86 = Release|x86
	EndGlobalSection
	GlobalSection(ProjectConfigurationPlatforms) = postSolution
		{AD55A0E5-BAF0-4189-991A-6E28D3C86D63}.Debug|Any CPU.ActiveCfg = Debug|Win32
		{AD55A0E5-BAF0-4189-991A-6E28D3C86D63}.Debug|x64.ActiveCfg = Debug|x64
		{AD55A0E5-BAF0-4189-991A-6E28D3C86D63}.Debug|x64.Build.0 = Debug|x64
		{AD55A0E5-BAF0-4189-991A-6E28D3C86D63}.Debug|x86.ActiveCfg = Debug|Win32
		{AD55A0E5-BAF0-4189-991A-6E28D3C86D63}.Debug|x86.Build.0 = Debug|Win32
		{AD55A0E5-BAF0-4189-991A-6E28D3C86D63}.Release|Any CPU.ActiveCfg = Release|Win32
		{AD55A0E5-BAF0-4189-991A-6E28D3C86D63}.Release|x64.ActiveCfg = Release|x64
		{AD55A0E5-BAF0-4189-991A-6E28D3C86D63}.Release|x64.Build.0 = Release|x64
		{AD55A0E5-BAF0-4189-991A-6E28D3C86D63}.Release|x86.ActiveCfg = Release|Win32
		{AD55A0E5-BAF0-4189-991A-6E28D3C86D63}.Release|x86.Build.0 = Release|Win32
		{07CB62ED-9E4D-467C-9157-559AD312E308}.Debug|Any CPU.ActiveCfg = Debug|Win32
		{07CB62ED-9E4D-467C-9157-559AD312E308}.Debug|x64.ActiveCfg = Debug|x64
		{07CB62ED-9E4D-467C-9157-559AD312E308}.Debug|x64.Build.0 = Debug|x64
		{07CB62ED-9E4D-467C-9157-559AD312E308}.Debug|x86.ActiveCfg = Debug|Win32
		{07CB62ED-9E4D-467C-9157-559AD312E308}.Debug|x86.Build.0 = Debug|Win32
		{07CB62ED-9E4D-467C-9157-559AD312E308}.Release|Any CPU.ActiveCfg = Release|Win32
		{07CB62ED-9E4D-467C-9157-559AD312E308}.Release|x64.ActiveCfg = Release|x64
		{07CB62ED-9E4D-467C-9157-559AD312E308}.Release|x64.Build.0 = Release|x64
		{07CB62ED-9E4D-467C-9157-559AD312E308}.Release|x86.ActiveCfg = Release|Win32
		{07CB62ED-9E4D-467C-9157-559AD312E308}.Release|x86.Build.0 = Release|Win32
		{F499A5A0-D654-46D1-84CC-BA414C81600F}.Debug|Any CPU.ActiveCfg = Debug|Any CPU
		{F499A5A0-D654-46D1-84CC-BA414C81600F}.Debug|Any CPU.Build.0 = Debug|Any CPU
		{F499A5A0-D654-46D1-84CC-BA414C81600F}.Debug|x64.ActiveCfg = Debug|Any CPU
		{F499A5A0-D654-46D1-84CC-BA414C81600F}.Debug|x64.Build.0 = Debug|Any CPU
		{F499A5A0-D654-46D1-84CC-BA414C81600F}.Debug|x86.ActiveCfg = Debug|Any CPU
		{F499A5A0-D654-46D1-84CC-BA414C81600F}.Debug|x86.Build.0 = Debug|Any CPU
		{F499A5A0-D654-46D1-84CC-BA414C81600F}.Release|Any CPU.ActiveCfg = Release|Any CPU
		{F499A5A0-D654-46D1-84CC-BA414C81600F}.Release|Any CPU.Build.0 = Release|Any CPU
		{F499A5A0-D654-46D1-84CC-BA414C81600F}.Release|x64.ActiveCfg = Release|Any CPU
		{F499A5A0-D654-46D1-84CC-BA414C81600F}.Release|x64.Build.0 = Release|Any CPU
		{F499A5A0-D654-46D1-84CC-BA414C81600F}.Release|x86.ActiveCfg = Release|Any CPU
		{F499A5A0-D654-46D1-84CC-BA414C81600F}.Release|x86.Build.0 = Release|Any CPU
	EndGlobalSection
	GlobalSection(SolutionProperties) = preSolution
		HideSolutionNode = FALSE
	EndGlobalSection
EndGlobal
